
Microsoft Visual Studio Solution File, Format Version 12.00
# Visual Studio 2013
VisualStudioVersion = 12.0.0.0
MinimumVisualStudioVersion = 10.0.0.1
Project("{FAE04EC0-301F-11D3-BF4B-00C04F79EFBC}") = "ECSLight", "ECSLight.csproj", "{E6577ADB-B63D-4E2B-AA20-FA44ACC7651A}"
EndProject
Project("{FAE04EC0-301F-11D3-BF4B-00C04F79EFBC}") = "Tests", "Tests\Tests.csproj", "{6A87D437-0B41-4669-AB14-029A452B1624}"
EndProject
Global
	GlobalSection(SolutionConfigurationPlatforms) = preSolution
		Debug|Any CPU = Debug|Any CPU
		Release|Any CPU = Release|Any CPU
	EndGlobalSection
	GlobalSection(ProjectConfigurationPlatforms) = postSolution
		{E6577ADB-B63D-4E2B-AA20-FA44ACC7651A}.Debug|Any CPU.ActiveCfg = Debug|Any CPU
		{E6577ADB-B63D-4E2B-AA20-FA44ACC7651A}.Debug|Any CPU.Build.0 = Debug|Any CPU
		{E6577ADB-B63D-4E2B-AA20-FA44ACC7651A}.Release|Any CPU.ActiveCfg = Release|Any CPU
		{E6577ADB-B63D-4E2B-AA20-FA44ACC7651A}.Release|Any CPU.Build.0 = Release|Any CPU
		{6A87D437-0B41-4669-AB14-029A452B1624}.Debug|Any CPU.ActiveCfg = Debug|Any CPU
		{6A87D437-0B41-4669-AB14-029A452B1624}.Debug|Any CPU.Build.0 = Debug|Any CPU
		{6A87D437-0B41-4669-AB14-029A452B1624}.Release|Any CPU.ActiveCfg = Release|Any CPU
		{6A87D437-0B41-4669-AB14-029A452B1624}.Release|Any CPU.Build.0 = Release|Any CPU
	EndGlobalSection
	GlobalSection(SolutionProperties) = preSolution
		HideSolutionNode = FALSE
	EndGlobalSection
EndGlobal
